// !$*UTF8*$!
{
	archiveVersion = 1;
	classes = {
	};
	objectVersion = 50;
	objects = {

/* Begin PBXBuildFile section */
		2A0AAFF62137E42D0035FA76 /* AppDelegate.swift in Sources */ = {isa = PBXBuildFile; fileRef = 2A0AAFF52137E42D0035FA76 /* AppDelegate.swift */; };
		2A0AAFF82137E42D0035FA76 /* ViewController.swift in Sources */ = {isa = PBXBuildFile; fileRef = 2A0AAFF72137E42D0035FA76 /* ViewController.swift */; };
		2A0AAFFB2137E42D0035FA76 /* Main.storyboard in Resources */ = {isa = PBXBuildFile; fileRef = 2A0AAFF92137E42D0035FA76 /* Main.storyboard */; };
		2A0AAFFD2137E42E0035FA76 /* Assets.xcassets in Resources */ = {isa = PBXBuildFile; fileRef = 2A0AAFFC2137E42E0035FA76 /* Assets.xcassets */; };
		2A0AB0002137E42E0035FA76 /* LaunchScreen.storyboard in Resources */ = {isa = PBXBuildFile; fileRef = 2A0AAFFE2137E42E0035FA76 /* LaunchScreen.storyboard */; };
		2A0AB00A2137E4CA0035FA76 /* BarChartRatingView.swift in Sources */ = {isa = PBXBuildFile; fileRef = 2A0AB0082137E4CA0035FA76 /* BarChartRatingView.swift */; };
		2A0AB00B2137E4CA0035FA76 /* BarChartRatingView.xib in Resources */ = {isa = PBXBuildFile; fileRef = 2A0AB0092137E4CA0035FA76 /* BarChartRatingView.xib */; };
		2A0AB00E2137E5520035FA76 /* BarChartRatingTableViewCell.swift in Sources */ = {isa = PBXBuildFile; fileRef = 2A0AB00C2137E5510035FA76 /* BarChartRatingTableViewCell.swift */; };
		2A0AB00F2137E5520035FA76 /* BarChartRatingTableViewCell.xib in Resources */ = {isa = PBXBuildFile; fileRef = 2A0AB00D2137E5510035FA76 /* BarChartRatingTableViewCell.xib */; };
		2A0AB0112137EC290035FA76 /* NibView.swift in Sources */ = {isa = PBXBuildFile; fileRef = 2A0AB0102137EC290035FA76 /* NibView.swift */; };
		2A0AB0132137ED170035FA76 /* barChartStar.png in Resources */ = {isa = PBXBuildFile; fileRef = 2A0AB0122137ED170035FA76 /* barChartStar.png */; };
/* End PBXBuildFile section */

/* Begin PBXFileReference section */
		2A0AAFF22137E42D0035FA76 /* BarChartRating.app */ = {isa = PBXFileReference; explicitFileType = wrapper.application; includeInIndex = 0; path = BarChartRating.app; sourceTree = BUILT_PRODUCTS_DIR; };
		2A0AAFF52137E42D0035FA76 /* AppDelegate.swift */ = {isa = PBXFileReference; lastKnownFileType = sourcecode.swift; path = AppDelegate.swift; sourceTree = "<group>"; };
		2A0AAFF72137E42D0035FA76 /* ViewController.swift */ = {isa = PBXFileReference; lastKnownFileType = sourcecode.swift; path = ViewController.swift; sourceTree = "<group>"; };
		2A0AAFFA2137E42D0035FA76 /* Base */ = {isa = PBXFileReference; lastKnownFileType = file.storyboard; name = Base; path = Base.lproj/Main.storyboard; sourceTree = "<group>"; };
		2A0AAFFC2137E42E0035FA76 /* Assets.xcassets */ = {isa = PBXFileReference; lastKnownFileType = folder.assetcatalog; path = Assets.xcassets; sourceTree = "<group>"; };
		2A0AAFFF2137E42E0035FA76 /* Base */ = {isa = PBXFileReference; lastKnownFileType = file.storyboard; name = Base; path = Base.lproj/LaunchScreen.storyboard; sourceTree = "<group>"; };
		2A0AB0012137E42E0035FA76 /* Info.plist */ = {isa = PBXFileReference; lastKnownFileType = text.plist.xml; path = Info.plist; sourceTree = "<group>"; };
		2A0AB0082137E4CA0035FA76 /* BarChartRatingView.swift */ = {isa = PBXFileReference; fileEncoding = 4; lastKnownFileType = sourcecode.swift; path = BarChartRatingView.swift; sourceTree = "<group>"; };
		2A0AB0092137E4CA0035FA76 /* BarChartRatingView.xib */ = {isa = PBXFileReference; fileEncoding = 4; lastKnownFileType = file.xib; path = BarChartRatingView.xib; sourceTree = "<group>"; };
		2A0AB00C2137E5510035FA76 /* BarChartRatingTableViewCell.swift */ = {isa = PBXFileReference; fileEncoding = 4; lastKnownFileType = sourcecode.swift; path = BarChartRatingTableViewCell.swift; sourceTree = "<group>"; };
		2A0AB00D2137E5510035FA76 /* BarChartRatingTableViewCell.xib */ = {isa = PBXFileReference; fileEncoding = 4; lastKnownFileType = file.xib; path = BarChartRatingTableViewCell.xib; sourceTree = "<group>"; };
		2A0AB0102137EC290035FA76 /* NibView.swift */ = {isa = PBXFileReference; fileEncoding = 4; lastKnownFileType = sourcecode.swift; path = NibView.swift; sourceTree = "<group>"; };
		2A0AB0122137ED170035FA76 /* barChartStar.png */ = {isa = PBXFileReference; lastKnownFileType = image.png; path = barChartStar.png; sourceTree = "<group>"; };
/* End PBXFileReference section */

/* Begin PBXFrameworksBuildPhase section */
		2A0AAFEF2137E42D0035FA76 /* Frameworks */ = {
			isa = PBXFrameworksBuildPhase;
			buildActionMask = 2147483647;
			files = (
			);
			runOnlyForDeploymentPostprocessing = 0;
		};
/* End PBXFrameworksBuildPhase section */

/* Begin PBXGroup section */
		2A0AAFE92137E42D0035FA76 = {
			isa = PBXGroup;
			children = (
				2A0AAFF42137E42D0035FA76 /* BarChartRating */,
				2A0AAFF32137E42D0035FA76 /* Products */,
			);
			sourceTree = "<group>";
		};
		2A0AAFF32137E42D0035FA76 /* Products */ = {
			isa = PBXGroup;
			children = (
				2A0AAFF22137E42D0035FA76 /* BarChartRating.app */,
			);
			name = Products;
			sourceTree = "<group>";
		};
		2A0AAFF42137E42D0035FA76 /* BarChartRating */ = {
			isa = PBXGroup;
			children = (
				2A0AB0072137E4400035FA76 /* BarChartRatingSource */,
				2A0AAFF52137E42D0035FA76 /* AppDelegate.swift */,
				2A0AAFF72137E42D0035FA76 /* ViewController.swift */,
				2A0AAFF92137E42D0035FA76 /* Main.storyboard */,
				2A0AAFFC2137E42E0035FA76 /* Assets.xcassets */,
				2A0AAFFE2137E42E0035FA76 /* LaunchScreen.storyboard */,
				2A0AB0012137E42E0035FA76 /* Info.plist */,
			);
			path = BarChartRating;
			sourceTree = "<group>";
		};
		2A0AB0072137E4400035FA76 /* BarChartRatingSource */ = {
			isa = PBXGroup;
			children = (
				2A0AB0122137ED170035FA76 /* barChartStar.png */,
				2A0AB0102137EC290035FA76 /* NibView.swift */,
				2A0AB0082137E4CA0035FA76 /* BarChartRatingView.swift */,
				2A0AB0092137E4CA0035FA76 /* BarChartRatingView.xib */,
				2A0AB00C2137E5510035FA76 /* BarChartRatingTableViewCell.swift */,
				2A0AB00D2137E5510035FA76 /* BarChartRatingTableViewCell.xib */,
			);
			path = BarChartRatingSource;
			sourceTree = "<group>";
		};
/* End PBXGroup section */

/* Begin PBXNativeTarget section */
		2A0AAFF12137E42D0035FA76 /* BarChartRating */ = {
			isa = PBXNativeTarget;
			buildConfigurationList = 2A0AB0042137E42E0035FA76 /* Build configuration list for PBXNativeTarget "BarChartRating" */;
			buildPhases = (
				2A0AAFEE2137E42D0035FA76 /* Sources */,
				2A0AAFEF2137E42D0035FA76 /* Frameworks */,
				2A0AAFF02137E42D0035FA76 /* Resources */,
			);
			buildRules = (
			);
			dependencies = (
			);
			name = BarChartRating;
			productName = BarChartRating;
			productReference = 2A0AAFF22137E42D0035FA76 /* BarChartRating.app */;
			productType = "com.apple.product-type.application";
		};
/* End PBXNativeTarget section */

/* Begin PBXProject section */
		2A0AAFEA2137E42D0035FA76 /* Project object */ = {
			isa = PBXProject;
			attributes = {
				LastSwiftUpdateCheck = 0940;
				LastUpgradeCheck = 0940;
				ORGANIZATIONNAME = Ratheesh;
				TargetAttributes = {
					2A0AAFF12137E42D0035FA76 = {
						CreatedOnToolsVersion = 9.4;
					};
				};
			};
			buildConfigurationList = 2A0AAFED2137E42D0035FA76 /* Build configuration list for PBXProject "BarChartRating" */;
			compatibilityVersion = "Xcode 9.3";
			developmentRegion = en;
			hasScannedForEncodings = 0;
			knownRegions = (
				en,
				Base,
			);
			mainGroup = 2A0AAFE92137E42D0035FA76;
			productRefGroup = 2A0AAFF32137E42D0035FA76 /* Products */;
			projectDirPath = "";
			projectRoot = "";
			targets = (
				2A0AAFF12137E42D0035FA76 /* BarChartRating */,
			);
		};
/* End PBXProject section */

/* Begin PBXResourcesBuildPhase section */
		2A0AAFF02137E42D0035FA76 /* Resources */ = {
			isa = PBXResourcesBuildPhase;
			buildActionMask = 2147483647;
			files = (
				2A0AB0002137E42E0035FA76 /* LaunchScreen.storyboard in Resources */,
				2A0AB00B2137E4CA0035FA76 /* BarChartRatingView.xib in Resources */,
				2A0AAFFD2137E42E0035FA76 /* Assets.xcassets in Resources */,
				2A0AB0132137ED170035FA76 /* barChartStar.png in Resources */,
				2A0AB00F2137E5520035FA76 /* BarChartRatingTableViewCell.xib in Resources */,
				2A0AAFFB2137E42D0035FA76 /* Main.storyboard in Resources */,
			);
			runOnlyForDeploymentPostprocessing = 0;
		};
/* End PBXResourcesBuildPhase section */

/* Begin PBXSourcesBuildPhase section */
		2A0AAFEE2137E42D0035FA76 /* Sources */ = {
			isa = PBXSourcesBuildPhase;
			buildActionMask = 2147483647;
			files = (
				2A0AAFF82137E42D0035FA76 /* ViewController.swift in Sources */,
				2A0AB00A2137E4CA0035FA76 /* BarChartRatingView.swift in Sources */,
				2A0AB00E2137E5520035FA76 /* BarChartRatingTableViewCell.swift in Sources */,
				2A0AAFF62137E42D0035FA76 /* AppDelegate.swift in Sources */,
				2A0AB0112137EC290035FA76 /* NibView.swift in Sources */,
			);
			runOnlyForDeploymentPostprocessing = 0;
		};
/* End PBXSourcesBuildPhase section */

/* Begin PBXVariantGroup section */
		2A0AAFF92137E42D0035FA76 /* Main.storyboard */ = {
			isa = PBXVariantGroup;
			children = (
				2A0AAFFA2137E42D0035FA76 /* Base */,
			);
			name = Main.storyboard;
			sourceTree = "<group>";
		};
		2A0AAFFE2137E42E0035FA76 /* LaunchScreen.storyboard */ = {
			isa = PBXVariantGroup;
			children = (
				2A0AAFFF2137E42E0035FA76 /* Base */,
			);
			name = LaunchScreen.storyboard;
			sourceTree = "<group>";
		};
/* End PBXVariantGroup section */

/* Begin XCBuildConfiguration section */
		2A0AB0022137E42E0035FA76 /* Debug */ = {
			isa = XCBuildConfiguration;
			buildSettings = {
				ALWAYS_SEARCH_USER_PATHS = NO;
				CLANG_ANALYZER_NONNULL = YES;
				CLANG_ANALYZER_NUMBER_OBJECT_CONVERSION = YES_AGGRESSIVE;
				CLANG_CXX_LANGUAGE_STANDARD = "gnu++14";
				CLANG_CXX_LIBRARY = "libc++";
				CLANG_ENABLE_MODULES = YES;
				CLANG_ENABLE_OBJC_ARC = YES;
				CLANG_ENABLE_OBJC_WEAK = YES;
				CLANG_WARN_BLOCK_CAPTURE_AUTORELEASING = YES;
				CLANG_WARN_BOOL_CONVERSION = YES;
				CLANG_WARN_COMMA = YES;
				CLANG_WARN_CONSTANT_CONVERSION = YES;
				CLANG_WARN_DEPRECATED_OBJC_IMPLEMENTATIONS = YES;
				CLANG_WARN_DIRECT_OBJC_ISA_USAGE = YES_ERROR;
				CLANG_WARN_DOCUMENTATION_COMMENTS = YES;
				CLANG_WARN_EMPTY_BODY = YES;
				CLANG_WARN_ENUM_CONVERSION = YES;
				CLANG_WARN_INFINITE_RECURSION = YES;
				CLANG_WARN_INT_CONVERSION = YES;
				CLANG_WARN_NON_LITERAL_NULL_CONVERSION = YES;
				CLANG_WARN_OBJC_IMPLICIT_RETAIN_SELF = YES;
				CLANG_WARN_OBJC_LITERAL_CONVERSION = YES;
				CLANG_WARN_OBJC_ROOT_CLASS = YES_ERROR;
				CLANG_WARN_RANGE_LOOP_ANALYSIS = YES;
				CLANG_WARN_STRICT_PROTOTYPES = YES;
				CLANG_WARN_SUSPICIOUS_MOVE = YES;
				CLANG_WARN_UNGUARDED_AVAILABILITY = YES_AGGRESSIVE;
				CLANG_WARN_UNREACHABLE_CODE = YES;
				CLANG_WARN__DUPLICATE_METHOD_MATCH = YES;
				CODE_SIGN_IDENTITY = "iPhone Developer";
				COPY_PHASE_STRIP = NO;
				DEBUG_INFORMATION_FORMAT = dwarf;
				ENABLE_STRICT_OBJC_MSGSEND = YES;
				ENABLE_TESTABILITY = YES;
				GCC_C_LANGUAGE_STANDARD = gnu11;
				GCC_DYNAMIC_NO_PIC = NO;
				GCC_NO_COMMON_BLOCKS = YES;
				GCC_OPTIMIZATION_LEVEL = 0;
				GCC_PREPROCESSOR_DEFINITIONS = (
					"DEBUG=1",
					"$(inherited)",
				);
				GCC_WARN_64_TO_32_BIT_CONVERSION = YES;
				GCC_WARN_ABOUT_RETURN_TYPE = YES_ERROR;
				GCC_WARN_UNDECLARED_SELECTOR = YES;
				GCC_WARN_UNINITIALIZED_AUTOS = YES_AGGRESSIVE;
				GCC_WARN_UNUSED_FUNCTION = YES;
				GCC_WARN_UNUSED_VARIABLE = YES;
				IPHONEOS_DEPLOYMENT_TARGET = 11.4;
				MTL_ENABLE_DEBUG_INFO = YES;
				ONLY_ACTIVE_ARCH = YES;
				SDKROOT = iphoneos;
				SWIFT_ACTIVE_COMPILATION_CONDITIONS = DEBUG;
				SWIFT_OPTIMIZATION_LEVEL = "-Onone";
			};
			name = Debug;
		};
		2A0AB0032137E42E0035FA76 /* Release */ = {
			isa = XCBuildConfiguration;
			buildSettings = {
				ALWAYS_SEARCH_USER_PATHS = NO;
				CLANG_ANALYZER_NONNULL = YES;
				CLANG_ANALYZER_NUMBER_OBJECT_CONVERSION = YES_AGGRESSIVE;
				CLANG_CXX_LANGUAGE_STANDARD = "gnu++14";
				CLANG_CXX_LIBRARY = "libc++";
				CLANG_ENABLE_MODULES = YES;
				CLANG_ENABLE_OBJC_ARC = YES;
				CLANG_ENABLE_OBJC_WEAK = YES;
				CLANG_WARN_BLOCK_CAPTURE_AUTORELEASING = YES;
				CLANG_WARN_BOOL_CONVERSION = YES;
				CLANG_WARN_COMMA = YES;
				CLANG_WARN_CONSTANT_CONVERSION = YES;
				CLANG_WARN_DEPRECATED_OBJC_IMPLEMENTATIONS = YES;
				CLANG_WARN_DIRECT_OBJC_ISA_USAGE = YES_ERROR;
				CLANG_WARN_DOCUMENTATION_COMMENTS = YES;
				CLANG_WARN_EMPTY_BODY = YES;
				CLANG_WARN_ENUM_CONVERSION = YES;
				CLANG_WARN_INFINITE_RECURSION = YES;
				CLANG_WARN_INT_CONVERSION = YES;
				CLANG_WARN_NON_LITERAL_NULL_CONVERSION = YES;
				CLANG_WARN_OBJC_IMPLICIT_RETAIN_SELF = YES;
				CLANG_WARN_OBJC_LITERAL_CONVERSION = YES;
				CLANG_WARN_OBJC_ROOT_CLASS = YES_ERROR;
				CLANG_WARN_RANGE_LOOP_ANALYSIS = YES;
				CLANG_WARN_STRICT_PROTOTYPES = YES;
				CLANG_WARN_SUSPICIOUS_MOVE = YES;
				CLANG_WARN_UNGUARDED_AVAILABILITY = YES_AGGRESSIVE;
				CLANG_WARN_UNREACHABLE_CODE = YES;
				CLANG_WARN__DUPLICATE_METHOD_MATCH = YES;
				CODE_SIGN_IDENTITY = "iPhone Developer";
				COPY_PHASE_STRIP = NO;
				DEBUG_INFORMATION_FORMAT = "dwarf-with-dsym";
				ENABLE_NS_ASSERTIONS = NO;
				ENABLE_STRICT_OBJC_MSGSEND = YES;
				GCC_C_LANGUAGE_STANDARD = gnu11;
				GCC_NO_COMMON_BLOCKS = YES;
				GCC_WARN_64_TO_32_BIT_CONVERSION = YES;
				GCC_WARN_ABOUT_RETURN_TYPE = YES_ERROR;
				GCC_WARN_UNDECLARED_SELECTOR = YES;
				GCC_WARN_UNINITIALIZED_AUTOS = YES_AGGRESSIVE;
				GCC_WARN_UNUSED_FUNCTION = YES;
				GCC_WARN_UNUSED_VARIABLE = YES;
				IPHONEOS_DEPLOYMENT_TARGET = 11.4;
				MTL_ENABLE_DEBUG_INFO = NO;
				SDKROOT = iphoneos;
				SWIFT_COMPILATION_MODE = wholemodule;
				SWIFT_OPTIMIZATION_LEVEL = "-O";
				VALIDATE_PRODUCT = YES;
			};
			name = Release;
		};
		2A0AB0052137E42E0035FA76 /* Debug */ = {
			isa = XCBuildConfiguration;
			buildSettings = {
				ASSETCATALOG_COMPILER_APPICON_NAME = AppIcon;
				CODE_SIGN_STYLE = Automatic;
				DEVELOPMENT_TEAM = 9GK9GFQ5M2;
				INFOPLIST_FILE = BarChartRating/Info.plist;
				IPHONEOS_DEPLOYMENT_TARGET = 9.0;
				LD_RUNPATH_SEARCH_PATHS = (
					"$(inherited)",
					"@executable_path/Frameworks",
				);
				PRODUCT_BUNDLE_IDENTIFIER = apps.pickzy.BarChartRating;
				PRODUCT_NAME = "$(TARGET_NAME)";
				SWIFT_VERSION = 4.0;
				TARGETED_DEVICE_FAMILY = "1,2";
			};
			name = Debug;
		};
		2A0AB0062137E42E0035FA76 /* Release */ = {
			isa = XCBuildConfiguration;
			buildSettings = {
				ASSETCATALOG_COMPILER_APPICON_NAME = AppIcon;
				CODE_SIGN_STYLE = Automatic;
				DEVELOPMENT_TEAM = 9GK9GFQ5M2;
				INFOPLIST_FILE = BarChartRating/Info.plist;
				IPHONEOS_DEPLOYMENT_TARGET = 9.0;
				LD_RUNPATH_SEARCH_PATHS = (
					"$(inherited)",
					"@executable_path/Frameworks",
				);
				PRODUCT_BUNDLE_IDENTIFIER = apps.pickzy.BarChartRating;
				PRODUCT_NAME = "$(TARGET_NAME)";
				SWIFT_VERSION = 4.0;
				TARGETED_DEVICE_FAMILY = "1,2";
			};
			name = Release;
		};
/* End XCBuildConfiguration section */

/* Begin XCConfigurationList section */
		2A0AAFED2137E42D0035FA76 /* Build configuration list for PBXProject "BarChartRating" */ = {
			isa = XCConfigurationList;
			buildConfigurations = (
				2A0AB0022137E42E0035FA76 /* Debug */,
				2A0AB0032137E42E0035FA76 /* Release */,
			);
			defaultConfigurationIsVisible = 0;
			defaultConfigurationName = Release;
		};
		2A0AB0042137E42E0035FA76 /* Build configuration list for PBXNativeTarget "BarChartRating" */ = {
			isa = XCConfigurationList;
			buildConfigurations = (
				2A0AB0052137E42E0035FA76 /* Debug */,
				2A0AB0062137E42E0035FA76 /* Release */,
			);
			defaultConfigurationIsVisible = 0;
			defaultConfigurationName = Release;
		};
/* End XCConfigurationList section */
	};
	rootObject = 2A0AAFEA2137E42D0035FA76 /* Project object */;
}
